
Microsoft Visual Studio Solution File, Format Version 12.00
# Visual Studio Version 16
VisualStudioVersion = 16.0.30907.101
MinimumVisualStudioVersion = 10.0.40219.1
Project("{FAE04EC0-301F-11D3-BF4B-00C04F79EFBC}") = "ModbusPOC.Library", "ModbusPOC.Library\ModbusPOC.Library.csproj", "{C88054E0-1C1F-4636-837C-84A4BE6AD1A9}"
EndProject
Project("{FAE04EC0-301F-11D3-BF4B-00C04F79EFBC}") = "ModbusPOC.Tests", "ModbusPOC.Tests\ModbusPOC.Tests.csproj", "{B63FF8B6-9706-41DA-8897-C40A23A353DF}"
EndProject
Global
	GlobalSection(SolutionConfigurationPlatforms) = preSolution
		Debug|Any CPU = Debug|Any CPU
		Release|Any CPU = Release|Any CPU
	EndGlobalSection
	GlobalSection(ProjectConfigurationPlatforms) = postSolution
		{C88054E0-1C1F-4636-837C-84A4BE6AD1A9}.Debug|Any CPU.ActiveCfg = Debug|Any CPU
		{C88054E0-1C1F-4636-837C-84A4BE6AD1A9}.Debug|Any CPU.Build.0 = Debug|Any CPU
		{C88054E0-1C1F-4636-837C-84A4BE6AD1A9}.Release|Any CPU.ActiveCfg = Release|Any CPU
		{C88054E0-1C1F-4636-837C-84A4BE6AD1A9}.Release|Any CPU.Build.0 = Release|Any CPU
		{B63FF8B6-9706-41DA-8897-C40A23A353DF}.Debug|Any CPU.ActiveCfg = Debug|Any CPU
		{B63FF8B6-9706-41DA-8897-C40A23A353DF}.Debug|Any CPU.Build.0 = Debug|Any CPU
		{B63FF8B6-9706-41DA-8897-C40A23A353DF}.Release|Any CPU.ActiveCfg = Release|Any CPU
		{B63FF8B6-9706-41DA-8897-C40A23A353DF}.Release|Any CPU.Build.0 = Release|Any CPU
	EndGlobalSection
	GlobalSection(SolutionProperties) = preSolution
		HideSolutionNode = FALSE
	EndGlobalSection
	GlobalSection(ExtensibilityGlobals) = postSolution
		SolutionGuid = {D9A7EB52-5C03-4629-9A57-8E189C5EB2A6}
	EndGlobalSection
EndGlobal
